
Microsoft Visual Studio Solution File, Format Version 12.00
# Visual Studio Version 17
VisualStudioVersion = 17.5.002.0
MinimumVisualStudioVersion = 10.0.40219.1
Project("{9A19103F-16F7-4668-BE54-9A1E7A4F7556}") = "viatab-backend", "App\viatab-backend.csproj", "{A01072A2-6FE8-4356-8B95-FF4239CE5DA9}"
EndProject
Global
	GlobalSection(SolutionConfigurationPlatforms) = preSolution
		Debug|Any CPU = Debug|Any CPU
		Release|Any CPU = Release|Any CPU
	EndGlobalSection
	GlobalSection(ProjectConfigurationPlatforms) = postSolution
		{A01072A2-6FE8-4356-8B95-FF4239CE5DA9}.Debug|Any CPU.ActiveCfg = Debug|Any CPU
		{A01072A2-6FE8-4356-8B95-FF4239CE5DA9}.Debug|Any CPU.Build.0 = Debug|Any CPU
		{A01072A2-6FE8-4356-8B95-FF4239CE5DA9}.Release|Any CPU.ActiveCfg = Release|Any CPU
		{A01072A2-6FE8-4356-8B95-FF4239CE5DA9}.Release|Any CPU.Build.0 = Release|Any CPU
	EndGlobalSection
	GlobalSection(SolutionProperties) = preSolution
		HideSolutionNode = FALSE
	EndGlobalSection
	GlobalSection(ExtensibilityGlobals) = postSolution
		SolutionGuid = {E4195639-D661-4042-9B29-F6E42793E589}
	EndGlobalSection
EndGlobal
