
Microsoft Visual Studio Solution File, Format Version 12.00
# Visual Studio Version 17
VisualStudioVersion = 17.5.002.0
MinimumVisualStudioVersion = 10.0.40219.1
Project("{9A19103F-16F7-4668-BE54-9A1E7A4F7556}") = "WebAPI", "WebAPI\WebAPI.csproj", "{809AAF59-F8D0-4AD6-9E48-F5BAB742A718}"
EndProject
Project("{9A19103F-16F7-4668-BE54-9A1E7A4F7556}") = "DBConnection", "DBConnection\DBConnection.csproj", "{D36F9F11-22F2-4511-9D78-3B332DBF974C}"
EndProject
Project("{FAE04EC0-301F-11D3-BF4B-00C04F79EFBC}") = "Shared", "Shared\Shared.csproj", "{754761B7-5C8E-4BEF-94E8-8A543694B49D}"
EndProject
Global
	GlobalSection(SolutionConfigurationPlatforms) = preSolution
		Debug|Any CPU = Debug|Any CPU
		Release|Any CPU = Release|Any CPU
	EndGlobalSection
	GlobalSection(ProjectConfigurationPlatforms) = postSolution
		{809AAF59-F8D0-4AD6-9E48-F5BAB742A718}.Debug|Any CPU.ActiveCfg = Debug|Any CPU
		{809AAF59-F8D0-4AD6-9E48-F5BAB742A718}.Debug|Any CPU.Build.0 = Debug|Any CPU
		{809AAF59-F8D0-4AD6-9E48-F5BAB742A718}.Release|Any CPU.ActiveCfg = Release|Any CPU
		{809AAF59-F8D0-4AD6-9E48-F5BAB742A718}.Release|Any CPU.Build.0 = Release|Any CPU
		{D36F9F11-22F2-4511-9D78-3B332DBF974C}.Debug|Any CPU.ActiveCfg = Debug|Any CPU
		{D36F9F11-22F2-4511-9D78-3B332DBF974C}.Debug|Any CPU.Build.0 = Debug|Any CPU
		{D36F9F11-22F2-4511-9D78-3B332DBF974C}.Release|Any CPU.ActiveCfg = Release|Any CPU
		{D36F9F11-22F2-4511-9D78-3B332DBF974C}.Release|Any CPU.Build.0 = Release|Any CPU
		{754761B7-5C8E-4BEF-94E8-8A543694B49D}.Debug|Any CPU.ActiveCfg = Debug|Any CPU
		{754761B7-5C8E-4BEF-94E8-8A543694B49D}.Debug|Any CPU.Build.0 = Debug|Any CPU
		{754761B7-5C8E-4BEF-94E8-8A543694B49D}.Release|Any CPU.ActiveCfg = Release|Any CPU
		{754761B7-5C8E-4BEF-94E8-8A543694B49D}.Release|Any CPU.Build.0 = Release|Any CPU
	EndGlobalSection
	GlobalSection(SolutionProperties) = preSolution
		HideSolutionNode = FALSE
	EndGlobalSection
	GlobalSection(ExtensibilityGlobals) = postSolution
		SolutionGuid = {601406AC-E4EC-4E70-890C-3055943A8A71}
	EndGlobalSection
EndGlobal
